
Microsoft Visual Studio Solution File, Format Version 12.00
# Visual Studio Version 16
VisualStudioVersion = 16.0.34931.43
MinimumVisualStudioVersion = 10.0.40219.1
Project("{9A19103F-16F7-4668-BE54-9A1E7A4F7556}") = "HomeApi", "HomeApi\HomeApi.csproj", "{974022CB-367C-4DFC-8C3E-76EE946DD040}"
	ProjectSection(ProjectDependencies) = postProject
		{AFEE6551-8E56-45FD-9E77-558860B2BF6C} = {AFEE6551-8E56-45FD-9E77-558860B2BF6C}
		{AB9FEDB2-9ACE-4BA0-B568-A2452A622D14} = {AB9FEDB2-9ACE-4BA0-B568-A2452A622D14}
	EndProjectSection
EndProject
Project("{9A19103F-16F7-4668-BE54-9A1E7A4F7556}") = "HomeApi.Contracts", "HomeApi.Contracts\HomeApi.Contracts.csproj", "{AB9FEDB2-9ACE-4BA0-B568-A2452A622D14}"
EndProject
Project("{FAE04EC0-301F-11D3-BF4B-00C04F79EFBC}") = "HomeApi.Data", "HomeApi.Data\HomeApi.Data.csproj", "{AFEE6551-8E56-45FD-9E77-558860B2BF6C}"
EndProject
Global
	GlobalSection(SolutionConfigurationPlatforms) = preSolution
		Debug|Any CPU = Debug|Any CPU
		Release|Any CPU = Release|Any CPU
	EndGlobalSection
	GlobalSection(ProjectConfigurationPlatforms) = postSolution
		{974022CB-367C-4DFC-8C3E-76EE946DD040}.Debug|Any CPU.ActiveCfg = Debug|Any CPU
		{974022CB-367C-4DFC-8C3E-76EE946DD040}.Debug|Any CPU.Build.0 = Debug|Any CPU
		{974022CB-367C-4DFC-8C3E-76EE946DD040}.Release|Any CPU.ActiveCfg = Release|Any CPU
		{974022CB-367C-4DFC-8C3E-76EE946DD040}.Release|Any CPU.Build.0 = Release|Any CPU
		{AB9FEDB2-9ACE-4BA0-B568-A2452A622D14}.Debug|Any CPU.ActiveCfg = Debug|Any CPU
		{AB9FEDB2-9ACE-4BA0-B568-A2452A622D14}.Debug|Any CPU.Build.0 = Debug|Any CPU
		{AB9FEDB2-9ACE-4BA0-B568-A2452A622D14}.Release|Any CPU.ActiveCfg = Release|Any CPU
		{AB9FEDB2-9ACE-4BA0-B568-A2452A622D14}.Release|Any CPU.Build.0 = Release|Any CPU
		{AFEE6551-8E56-45FD-9E77-558860B2BF6C}.Debug|Any CPU.ActiveCfg = Debug|Any CPU
		{AFEE6551-8E56-45FD-9E77-558860B2BF6C}.Debug|Any CPU.Build.0 = Debug|Any CPU
		{AFEE6551-8E56-45FD-9E77-558860B2BF6C}.Release|Any CPU.ActiveCfg = Release|Any CPU
		{AFEE6551-8E56-45FD-9E77-558860B2BF6C}.Release|Any CPU.Build.0 = Release|Any CPU
	EndGlobalSection
	GlobalSection(SolutionProperties) = preSolution
		HideSolutionNode = FALSE
	EndGlobalSection
	GlobalSection(ExtensibilityGlobals) = postSolution
		SolutionGuid = {A59D6EB1-6ACA-463F-9AE5-02A7B5220AA4}
	EndGlobalSection
EndGlobal
